Microsoft Visual Studio Solution File, Format Version 12.00
# Visual Studio Version 16
VisualStudioVersion = 16.0.30503.244
MinimumVisualStudioVersion = 10.0.40219.1
Project("{9A19103F-16F7-4668-BE54-9A1E7A4F7556}") = "Visual.Studio.Solution.Renamer.CommandLine", "Visual.Studio.Solution.Renamer.CommandLine\Visual.Studio.Solution.Renamer.CommandLine.csproj", "{D8F8214E-CE42-4D3C-890F-959D395A4CD8}"
EndProject
Project("{9A19103F-16F7-4668-BE54-9A1E7A4F7556}") = "Visual.Studio.Solution.Renamer.Desktop.UI", "Visual.Studio.Solution.Renamer.Desktop.UI\Visual.Studio.Solution.Renamer.Desktop.UI.csproj", "{10BD67A6-C990-4D9A-BF9E-F2BF57A61773}"
EndProject
Project("{9A19103F-16F7-4668-BE54-9A1E7A4F7556}") = "Visual.Studio.Solution.Renamer.Library", "Visual.Studio.Solution.Renamer.Library\Visual.Studio.Solution.Renamer.Library.csproj", "{9B907A04-DC07-483D-93D3-BB64BD70AAF2}"
EndProject
Global
	GlobalSection(SolutionConfigurationPlatforms) = preSolution
		Debug|Any CPU = Debug|Any CPU
		Release|Any CPU = Release|Any CPU
	EndGlobalSection
	GlobalSection(ProjectConfigurationPlatforms) = postSolution
		{D8F8214E-CE42-4D3C-890F-959D395A4CD8}.Debug|Any CPU.ActiveCfg = Debug|Any CPU
		{D8F8214E-CE42-4D3C-890F-959D395A4CD8}.Debug|Any CPU.Build.0 = Debug|Any CPU
		{D8F8214E-CE42-4D3C-890F-959D395A4CD8}.Release|Any CPU.ActiveCfg = Release|Any CPU
		{D8F8214E-CE42-4D3C-890F-959D395A4CD8}.Release|Any CPU.Build.0 = Release|Any CPU
		{10BD67A6-C990-4D9A-BF9E-F2BF57A61773}.Debug|Any CPU.ActiveCfg = Debug|Any CPU
		{10BD67A6-C990-4D9A-BF9E-F2BF57A61773}.Debug|Any CPU.Build.0 = Debug|Any CPU
		{10BD67A6-C990-4D9A-BF9E-F2BF57A61773}.Release|Any CPU.ActiveCfg = Release|Any CPU
		{10BD67A6-C990-4D9A-BF9E-F2BF57A61773}.Release|Any CPU.Build.0 = Release|Any CPU
		{9B907A04-DC07-483D-93D3-BB64BD70AAF2}.Debug|Any CPU.ActiveCfg = Debug|Any CPU
		{9B907A04-DC07-483D-93D3-BB64BD70AAF2}.Debug|Any CPU.Build.0 = Debug|Any CPU
		{9B907A04-DC07-483D-93D3-BB64BD70AAF2}.Release|Any CPU.ActiveCfg = Release|Any CPU
		{9B907A04-DC07-483D-93D3-BB64BD70AAF2}.Release|Any CPU.Build.0 = Release|Any CPU
	EndGlobalSection
	GlobalSection(SolutionProperties) = preSolution
		HideSolutionNode = FALSE
	EndGlobalSection
	GlobalSection(ExtensibilityGlobals) = postSolution
		SolutionGuid = {50285DCF-3A49-4C88-84C8-5031AD45AFBE}
	EndGlobalSection
EndGlobal
